
Microsoft Visual Studio Solution File, Format Version 12.00
# Visual Studio Version 16
VisualStudioVersion = 16.0.30204.135
MinimumVisualStudioVersion = 10.0.40219.1
Project("{FAE04EC0-301F-11D3-BF4B-00C04F79EFBC}") = "KinergyApp", "KinergyApp.csproj", "{0C5D2B3B-C306-4507-A278-B12E562F886C}"
EndProject
Global
	GlobalSection(SolutionConfigurationPlatforms) = preSolution
		Debug|Any CPU = Debug|Any CPU
		Release|Any CPU = Release|Any CPU
	EndGlobalSection
	GlobalSection(ProjectConfigurationPlatforms) = postSolution
		{0C5D2B3B-C306-4507-A278-B12E562F886C}.Debug|Any CPU.ActiveCfg = Debug|Any CPU
		{0C5D2B3B-C306-4507-A278-B12E562F886C}.Debug|Any CPU.Build.0 = Debug|Any CPU
		{0C5D2B3B-C306-4507-A278-B12E562F886C}.Release|Any CPU.ActiveCfg = Release|Any CPU
		{0C5D2B3B-C306-4507-A278-B12E562F886C}.Release|Any CPU.Build.0 = Release|Any CPU
	EndGlobalSection
	GlobalSection(SolutionProperties) = preSolution
		HideSolutionNode = FALSE
	EndGlobalSection
	GlobalSection(ExtensibilityGlobals) = postSolution
		SolutionGuid = {2E55F338-797A-48A7-89D5-A0A3BEA404C2}
	EndGlobalSection
EndGlobal
