
Microsoft Visual Studio Solution File, Format Version 12.00
# Visual Studio 15
VisualStudioVersion = 15.0.28307.1000
MinimumVisualStudioVersion = 10.0.40219.1
Project("{FAE04EC0-301F-11D3-BF4B-00C04F79EFBC}") = "MS_Throwing", "MS_Throwing\MS_Throwing.csproj", "{B02E5D8E-1450-41FA-BFD2-73B1E85DE598}"
EndProject
Global
	GlobalSection(SolutionConfigurationPlatforms) = preSolution
		Debug|Any CPU = Debug|Any CPU
		Release|Any CPU = Release|Any CPU
	EndGlobalSection
	GlobalSection(ProjectConfigurationPlatforms) = postSolution
		{B02E5D8E-1450-41FA-BFD2-73B1E85DE598}.Debug|Any CPU.ActiveCfg = Debug|Any CPU
		{B02E5D8E-1450-41FA-BFD2-73B1E85DE598}.Debug|Any CPU.Build.0 = Debug|Any CPU
		{B02E5D8E-1450-41FA-BFD2-73B1E85DE598}.Release|Any CPU.ActiveCfg = Release|Any CPU
		{B02E5D8E-1450-41FA-BFD2-73B1E85DE598}.Release|Any CPU.Build.0 = Release|Any CPU
	EndGlobalSection
	GlobalSection(SolutionProperties) = preSolution
		HideSolutionNode = FALSE
	EndGlobalSection
	GlobalSection(ExtensibilityGlobals) = postSolution
		SolutionGuid = {05B0EA4C-AB18-4C12-B911-8249461E8B2E}
	EndGlobalSection
EndGlobal
